
Microsoft Visual Studio Solution File, Format Version 12.00
Project("{FAE04EC0-301F-11D3-BF4B-00C04F79EFBC}") = "ConsoleApp1", "ConsoleApp1\ConsoleApp1.csproj", "{A1740FE5-F6CC-4B73-94E7-A2B1ED54E51C}"
EndProject
Global
	GlobalSection(SolutionConfigurationPlatforms) = preSolution
		Debug|Any CPU = Debug|Any CPU
		Release|Any CPU = Release|Any CPU
	EndGlobalSection
	GlobalSection(ProjectConfigurationPlatforms) = postSolution
		{A1740FE5-F6CC-4B73-94E7-A2B1ED54E51C}.Debug|Any CPU.ActiveCfg = Debug|Any CPU
		{A1740FE5-F6CC-4B73-94E7-A2B1ED54E51C}.Debug|Any CPU.Build.0 = Debug|Any CPU
		{A1740FE5-F6CC-4B73-94E7-A2B1ED54E51C}.Release|Any CPU.ActiveCfg = Release|Any CPU
		{A1740FE5-F6CC-4B73-94E7-A2B1ED54E51C}.Release|Any CPU.Build.0 = Release|Any CPU
	EndGlobalSection
EndGlobal
